
Microsoft Visual Studio Solution File, Format Version 12.00
# Visual Studio Version 17
VisualStudioVersion = 17.9.34622.214
MinimumVisualStudioVersion = 10.0.40219.1
Project("{8BC9CEB8-8B4A-11D0-8D11-00A0C91BC942}") = "Lab7-8algoritms", "Lab7-8algoritms.vcxproj", "{DABADB3D-A3EB-43EF-9E3A-77D15F3EB297}"
EndProject
Global
	GlobalSection(SolutionConfigurationPlatforms) = preSolution
		Debug|x64 = Debug|x64
		Debug|x86 = Debug|x86
		Release|x64 = Release|x64
		Release|x86 = Release|x86
	EndGlobalSection
	GlobalSection(ProjectConfigurationPlatforms) = postSolution
		{DABADB3D-A3EB-43EF-9E3A-77D15F3EB297}.Debug|x64.ActiveCfg = Debug|x64
		{DABADB3D-A3EB-43EF-9E3A-77D15F3EB297}.Debug|x64.Build.0 = Debug|x64
		{DABADB3D-A3EB-43EF-9E3A-77D15F3EB297}.Debug|x86.ActiveCfg = Debug|Win32
		{DABADB3D-A3EB-43EF-9E3A-77D15F3EB297}.Debug|x86.Build.0 = Debug|Win32
		{DABADB3D-A3EB-43EF-9E3A-77D15F3EB297}.Release|x64.ActiveCfg = Release|x64
		{DABADB3D-A3EB-43EF-9E3A-77D15F3EB297}.Release|x64.Build.0 = Release|x64
		{DABADB3D-A3EB-43EF-9E3A-77D15F3EB297}.Release|x86.ActiveCfg = Release|Win32
		{DABADB3D-A3EB-43EF-9E3A-77D15F3EB297}.Release|x86.Build.0 = Release|Win32
	EndGlobalSection
	GlobalSection(SolutionProperties) = preSolution
		HideSolutionNode = FALSE
	EndGlobalSection
	GlobalSection(ExtensibilityGlobals) = postSolution
		SolutionGuid = {0FA8C0B6-89C0-4C28-8160-976F4312D8AE}
	EndGlobalSection
EndGlobal
